// !$*UTF8*$!
{
	archiveVersion = 1;
	classes = {
	};
	objectVersion = 46;
	objects = {

/* Begin PBXBuildFile section */
		43C8452C1A9F00330017BC4D /* AppDelegate.swift in Sources */ = {isa = PBXBuildFile; fileRef = 43C8452B1A9F00330017BC4D /* AppDelegate.swift */; };
		43C8452E1A9F00330017BC4D /* ViewController.swift in Sources */ = {isa = PBXBuildFile; fileRef = 43C8452D1A9F00330017BC4D /* ViewController.swift */; };
		43C845311A9F00330017BC4D /* Main.storyboard in Resources */ = {isa = PBXBuildFile; fileRef = 43C8452F1A9F00330017BC4D /* Main.storyboard */; };
		43C845331A9F00330017BC4D /* Images.xcassets in Resources */ = {isa = PBXBuildFile; fileRef = 43C845321A9F00330017BC4D /* Images.xcassets */; };
		43C845361A9F00330017BC4D /* LaunchScreen.xib in Resources */ = {isa = PBXBuildFile; fileRef = 43C845341A9F00330017BC4D /* LaunchScreen.xib */; };
		43C845421A9F00330017BC4D /* ProfileTests.swift in Sources */ = {isa = PBXBuildFile; fileRef = 43C845411A9F00330017BC4D /* ProfileTests.swift */; };
/* End PBXBuildFile section */

/* Begin PBXContainerItemProxy section */
		43C8453C1A9F00330017BC4D /* PBXContainerItemProxy */ = {
			isa = PBXContainerItemProxy;
			containerPortal = 43C8451E1A9F00330017BC4D /* Project object */;
			proxyType = 1;
			remoteGlobalIDString = 43C845251A9F00330017BC4D;
			remoteInfo = Profile;
		};
/* End PBXContainerItemProxy section */

/* Begin PBXFileReference section */
		43C845261A9F00330017BC4D /* Profile.app */ = {isa = PBXFileReference; explicitFileType = wrapper.application; includeInIndex = 0; path = Profile.app; sourceTree = BUILT_PRODUCTS_DIR; };
		43C8452A1A9F00330017BC4D /* Info.plist */ = {isa = PBXFileReference; lastKnownFileType = text.plist.xml; path = Info.plist; sourceTree = "<group>"; };
		43C8452B1A9F00330017BC4D /* AppDelegate.swift */ = {isa = PBXFileReference; lastKnownFileType = sourcecode.swift; path = AppDelegate.swift; sourceTree = "<group>"; };
		43C8452D1A9F00330017BC4D /* ViewController.swift */ = {isa = PBXFileReference; lastKnownFileType = sourcecode.swift; path = ViewController.swift; sourceTree = "<group>"; };
		43C845301A9F00330017BC4D /* Base */ = {isa = PBXFileReference; lastKnownFileType = file.storyboard; name = Base; path = Base.lproj/Main.storyboard; sourceTree = "<group>"; };
		43C845321A9F00330017BC4D /* Images.xcassets */ = {isa = PBXFileReference; lastKnownFileType = folder.assetcatalog; path = Images.xcassets; sourceTree = "<group>"; };
		43C845351A9F00330017BC4D /* Base */ = {isa = PBXFileReference; lastKnownFileType = file.xib; name = Base; path = Base.lproj/LaunchScreen.xib; sourceTree = "<group>"; };
		43C8453B1A9F00330017BC4D /* ProfileTests.xctest */ = {isa = PBXFileReference; explicitFileType = wrapper.cfbundle; includeInIndex = 0; path = ProfileTests.xctest; sourceTree = BUILT_PRODUCTS_DIR; };
		43C845401A9F00330017BC4D /* Info.plist */ = {isa = PBXFileReference; lastKnownFileType = text.plist.xml; path = Info.plist; sourceTree = "<group>"; };
		43C845411A9F00330017BC4D /* ProfileTests.swift */ = {isa = PBXFileReference; lastKnownFileType = sourcecode.swift; path = ProfileTests.swift; sourceTree = "<group>"; };
/* End PBXFileReference section */

/* Begin PBXFrameworksBuildPhase section */
		43C845231A9F00330017BC4D /* Frameworks */ = {
			isa = PBXFrameworksBuildPhase;
			buildActionMask = 2147483647;
			files = (
			);
			runOnlyForDeploymentPostprocessing = 0;
		};
		43C845381A9F00330017BC4D /* Frameworks */ = {
			isa = PBXFrameworksBuildPhase;
			buildActionMask = 2147483647;
			files = (
			);
			runOnlyForDeploymentPostprocessing = 0;
		};
/* End PBXFrameworksBuildPhase section */

/* Begin PBXGroup section */
		43C8451D1A9F00330017BC4D = {
			isa = PBXGroup;
			children = (
				43C845281A9F00330017BC4D /* Profile */,
				43C8453E1A9F00330017BC4D /* ProfileTests */,
				43C845271A9F00330017BC4D /* Products */,
			);
			sourceTree = "<group>";
		};
		43C845271A9F00330017BC4D /* Products */ = {
			isa = PBXGroup;
			children = (
				43C845261A9F00330017BC4D /* Profile.app */,
				43C8453B1A9F00330017BC4D /* ProfileTests.xctest */,
			);
			name = Products;
			sourceTree = "<group>";
		};
		43C845281A9F00330017BC4D /* Profile */ = {
			isa = PBXGroup;
			children = (
				43C8452B1A9F00330017BC4D /* AppDelegate.swift */,
				43C8452D1A9F00330017BC4D /* ViewController.swift */,
				43C8452F1A9F00330017BC4D /* Main.storyboard */,
				43C845321A9F00330017BC4D /* Images.xcassets */,
				43C845341A9F00330017BC4D /* LaunchScreen.xib */,
				43C845291A9F00330017BC4D /* Supporting Files */,
			);
			path = Profile;
			sourceTree = "<group>";
		};
		43C845291A9F00330017BC4D /* Supporting Files */ = {
			isa = PBXGroup;
			children = (
				43C8452A1A9F00330017BC4D /* Info.plist */,
			);
			name = "Supporting Files";
			sourceTree = "<group>";
		};
		43C8453E1A9F00330017BC4D /* ProfileTests */ = {
			isa = PBXGroup;
			children = (
				43C845411A9F00330017BC4D /* ProfileTests.swift */,
				43C8453F1A9F00330017BC4D /* Supporting Files */,
			);
			path = ProfileTests;
			sourceTree = "<group>";
		};
		43C8453F1A9F00330017BC4D /* Supporting Files */ = {
			isa = PBXGroup;
			children = (
				43C845401A9F00330017BC4D /* Info.plist */,
			);
			name = "Supporting Files";
			sourceTree = "<group>";
		};
/* End PBXGroup section */

/* Begin PBXNativeTarget section */
		43C845251A9F00330017BC4D /* Profile */ = {
			isa = PBXNativeTarget;
			buildConfigurationList = 43C845451A9F00330017BC4D /* Build configuration list for PBXNativeTarget "Profile" */;
			buildPhases = (
				43C845221A9F00330017BC4D /* Sources */,
				43C845231A9F00330017BC4D /* Frameworks */,
				43C845241A9F00330017BC4D /* Resources */,
			);
			buildRules = (
			);
			dependencies = (
			);
			name = Profile;
			productName = Profile;
			productReference = 43C845261A9F00330017BC4D /* Profile.app */;
			productType = "com.apple.product-type.application";
		};
		43C8453A1A9F00330017BC4D /* ProfileTests */ = {
			isa = PBXNativeTarget;
			buildConfigurationList = 43C845481A9F00330017BC4D /* Build configuration list for PBXNativeTarget "ProfileTests" */;
			buildPhases = (
				43C845371A9F00330017BC4D /* Sources */,
				43C845381A9F00330017BC4D /* Frameworks */,
				43C845391A9F00330017BC4D /* Resources */,
			);
			buildRules = (
			);
			dependencies = (
				43C8453D1A9F00330017BC4D /* PBXTargetDependency */,
			);
			name = ProfileTests;
			productName = ProfileTests;
			productReference = 43C8453B1A9F00330017BC4D /* ProfileTests.xctest */;
			productType = "com.apple.product-type.bundle.unit-test";
		};
/* End PBXNativeTarget section */

/* Begin PBXProject section */
		43C8451E1A9F00330017BC4D /* Project object */ = {
			isa = PBXProject;
			attributes = {
				LastUpgradeCheck = 0610;
				ORGANIZATIONNAME = loljk;
				TargetAttributes = {
					43C845251A9F00330017BC4D = {
						CreatedOnToolsVersion = 6.1.1;
					};
					43C8453A1A9F00330017BC4D = {
						CreatedOnToolsVersion = 6.1.1;
						TestTargetID = 43C845251A9F00330017BC4D;
					};
				};
			};
			buildConfigurationList = 43C845211A9F00330017BC4D /* Build configuration list for PBXProject "Profile" */;
			compatibilityVersion = "Xcode 3.2";
			developmentRegion = English;
			hasScannedForEncodings = 0;
			knownRegions = (
				en,
				Base,
			);
			mainGroup = 43C8451D1A9F00330017BC4D;
			productRefGroup = 43C845271A9F00330017BC4D /* Products */;
			projectDirPath = "";
			projectRoot = "";
			targets = (
				43C845251A9F00330017BC4D /* Profile */,
				43C8453A1A9F00330017BC4D /* ProfileTests */,
			);
		};
/* End PBXProject section */

/* Begin PBXResourcesBuildPhase section */
		43C845241A9F00330017BC4D /* Resources */ = {
			isa = PBXResourcesBuildPhase;
			buildActionMask = 2147483647;
			files = (
				43C845311A9F00330017BC4D /* Main.storyboard in Resources */,
				43C845361A9F00330017BC4D /* LaunchScreen.xib in Resources */,
				43C845331A9F00330017BC4D /* Images.xcassets in Resources */,
			);
			runOnlyForDeploymentPostprocessing = 0;
		};
		43C845391A9F00330017BC4D /* Resources */ = {
			isa = PBXResourcesBuildPhase;
			buildActionMask = 2147483647;
			files = (
			);
			runOnlyForDeploymentPostprocessing = 0;
		};
/* End PBXResourcesBuildPhase section */

/* Begin PBXSourcesBuildPhase section */
		43C845221A9F00330017BC4D /* Sources */ = {
			isa = PBXSourcesBuildPhase;
			buildActionMask = 2147483647;
			files = (
				43C8452E1A9F00330017BC4D /* ViewController.swift in Sources */,
				43C8452C1A9F00330017BC4D /* AppDelegate.swift in Sources */,
			);
			runOnlyForDeploymentPostprocessing = 0;
		};
		43C845371A9F00330017BC4D /* Sources */ = {
			isa = PBXSourcesBuildPhase;
			buildActionMask = 2147483647;
			files = (
				43C845421A9F00330017BC4D /* ProfileTests.swift in Sources */,
			);
			runOnlyForDeploymentPostprocessing = 0;
		};
/* End PBXSourcesBuildPhase section */

/* Begin PBXTargetDependency section */
		43C8453D1A9F00330017BC4D /* PBXTargetDependency */ = {
			isa = PBXTargetDependency;
			target = 43C845251A9F00330017BC4D /* Profile */;
			targetProxy = 43C8453C1A9F00330017BC4D /* PBXContainerItemProxy */;
		};
/* End PBXTargetDependency section */

/* Begin PBXVariantGroup section */
		43C8452F1A9F00330017BC4D /* Main.storyboard */ = {
			isa = PBXVariantGroup;
			children = (
				43C845301A9F00330017BC4D /* Base */,
			);
			name = Main.storyboard;
			sourceTree = "<group>";
		};
		43C845341A9F00330017BC4D /* LaunchScreen.xib */ = {
			isa = PBXVariantGroup;
			children = (
				43C845351A9F00330017BC4D /* Base */,
			);
			name = LaunchScreen.xib;
			sourceTree = "<group>";
		};
/* End PBXVariantGroup section */

/* Begin XCBuildConfiguration section */
		43C845431A9F00330017BC4D /* Debug */ = {
			isa = XCBuildConfiguration;
			buildSettings = {
				ALWAYS_SEARCH_USER_PATHS = NO;
				CLANG_CXX_LANGUAGE_STANDARD = "gnu++0x";
				CLANG_CXX_LIBRARY = "libc++";
				CLANG_ENABLE_MODULES = YES;
				CLANG_ENABLE_OBJC_ARC = YES;
				CLANG_WARN_BOOL_CONVERSION = YES;
				CLANG_WARN_CONSTANT_CONVERSION = YES;
				CLANG_WARN_DIRECT_OBJC_ISA_USAGE = YES_ERROR;
				CLANG_WARN_EMPTY_BODY = YES;
				CLANG_WARN_ENUM_CONVERSION = YES;
				CLANG_WARN_INT_CONVERSION = YES;
				CLANG_WARN_OBJC_ROOT_CLASS = YES_ERROR;
				CLANG_WARN_UNREACHABLE_CODE = YES;
				CLANG_WARN__DUPLICATE_METHOD_MATCH = YES;
				"CODE_SIGN_IDENTITY[sdk=iphoneos*]" = "iPhone Developer";
				COPY_PHASE_STRIP = NO;
				ENABLE_STRICT_OBJC_MSGSEND = YES;
				GCC_C_LANGUAGE_STANDARD = gnu99;
				GCC_DYNAMIC_NO_PIC = NO;
				GCC_OPTIMIZATION_LEVEL = 0;
				GCC_PREPROCESSOR_DEFINITIONS = (
					"DEBUG=1",
					"$(inherited)",
				);
				GCC_SYMBOLS_PRIVATE_EXTERN = NO;
				GCC_WARN_64_TO_32_BIT_CONVERSION = YES;
				GCC_WARN_ABOUT_RETURN_TYPE = YES_ERROR;
				GCC_WARN_UNDECLARED_SELECTOR = YES;
				GCC_WARN_UNINITIALIZED_AUTOS = YES_AGGRESSIVE;
				GCC_WARN_UNUSED_FUNCTION = YES;
				GCC_WARN_UNUSED_VARIABLE = YES;
				IPHONEOS_DEPLOYMENT_TARGET = 8.1;
				MTL_ENABLE_DEBUG_INFO = YES;
				ONLY_ACTIVE_ARCH = YES;
				SDKROOT = iphoneos;
				SWIFT_OPTIMIZATION_LEVEL = "-Onone";
				TARGETED_DEVICE_FAMILY = "1,2";
			};
			name = Debug;
		};
		43C845441A9F00330017BC4D /* Release */ = {
			isa = XCBuildConfiguration;
			buildSettings = {
				ALWAYS_SEARCH_USER_PATHS = NO;
				CLANG_CXX_LANGUAGE_STANDARD = "gnu++0x";
				CLANG_CXX_LIBRARY = "libc++";
				CLANG_ENABLE_MODULES = YES;
				CLANG_ENABLE_OBJC_ARC = YES;
				CLANG_WARN_BOOL_CONVERSION = YES;
				CLANG_WARN_CONSTANT_CONVERSION = YES;
				CLANG_WARN_DIRECT_OBJC_ISA_USAGE = YES_ERROR;
				CLANG_WARN_EMPTY_BODY = YES;
				CLANG_WARN_ENUM_CONVERSION = YES;
				CLANG_WARN_INT_CONVERSION = YES;
				CLANG_WARN_OBJC_ROOT_CLASS = YES_ERROR;
				CLANG_WARN_UNREACHABLE_CODE = YES;
				CLANG_WARN__DUPLICATE_METHOD_MATCH = YES;
				"CODE_SIGN_IDENTITY[sdk=iphoneos*]" = "iPhone Developer";
				COPY_PHASE_STRIP = YES;
				ENABLE_NS_ASSERTIONS = NO;
				ENABLE_STRICT_OBJC_MSGSEND = YES;
				GCC_C_LANGUAGE_STANDARD = gnu99;
				GCC_WARN_64_TO_32_BIT_CONVERSION = YES;
				GCC_WARN_ABOUT_RETURN_TYPE = YES_ERROR;
				GCC_WARN_UNDECLARED_SELECTOR = YES;
				GCC_WARN_UNINITIALIZED_AUTOS = YES_AGGRESSIVE;
				GCC_WARN_UNUSED_FUNCTION = YES;
				GCC_WARN_UNUSED_VARIABLE = YES;
				IPHONEOS_DEPLOYMENT_TARGET = 8.1;
				MTL_ENABLE_DEBUG_INFO = NO;
				SDKROOT = iphoneos;
				TARGETED_DEVICE_FAMILY = "1,2";
				VALIDATE_PRODUCT = YES;
			};
			name = Release;
		};
		43C845461A9F00330017BC4D /* Debug */ = {
			isa = XCBuildConfiguration;
			buildSettings = {
				ASSETCATALOG_COMPILER_APPICON_NAME = AppIcon;
				INFOPLIST_FILE = Profile/Info.plist;
				LD_RUNPATH_SEARCH_PATHS = "$(inherited) @executable_path/Frameworks";
				PRODUCT_NAME = "$(TARGET_NAME)";
			};
			name = Debug;
		};
		43C845471A9F00330017BC4D /* Release */ = {
			isa = XCBuildConfiguration;
			buildSettings = {
				ASSETCATALOG_COMPILER_APPICON_NAME = AppIcon;
				INFOPLIST_FILE = Profile/Info.plist;
				LD_RUNPATH_SEARCH_PATHS = "$(inherited) @executable_path/Frameworks";
				PRODUCT_NAME = "$(TARGET_NAME)";
			};
			name = Release;
		};
		43C845491A9F00330017BC4D /* Debug */ = {
			isa = XCBuildConfiguration;
			buildSettings = {
				BUNDLE_LOADER = "$(TEST_HOST)";
				FRAMEWORK_SEARCH_PATHS = (
					"$(SDKROOT)/Developer/Library/Frameworks",
					"$(inherited)",
				);
				GCC_PREPROCESSOR_DEFINITIONS = (
					"DEBUG=1",
					"$(inherited)",
				);
				INFOPLIST_FILE = ProfileTests/Info.plist;
				LD_RUNPATH_SEARCH_PATHS = "$(inherited) @executable_path/Frameworks @loader_path/Frameworks";
				PRODUCT_NAME = "$(TARGET_NAME)";
				TEST_HOST = "$(BUILT_PRODUCTS_DIR)/Profile.app/Profile";
			};
			name = Debug;
		};
		43C8454A1A9F00330017BC4D /* Release */ = {
			isa = XCBuildConfiguration;
			buildSettings = {
				BUNDLE_LOADER = "$(TEST_HOST)";
				FRAMEWORK_SEARCH_PATHS = (
					"$(SDKROOT)/Developer/Library/Frameworks",
					"$(inherited)",
				);
				INFOPLIST_FILE = ProfileTests/Info.plist;
				LD_RUNPATH_SEARCH_PATHS = "$(inherited) @executable_path/Frameworks @loader_path/Frameworks";
				PRODUCT_NAME = "$(TARGET_NAME)";
				TEST_HOST = "$(BUILT_PRODUCTS_DIR)/Profile.app/Profile";
			};
			name = Release;
		};
/* End XCBuildConfiguration section */

/* Begin XCConfigurationList section */
		43C845211A9F00330017BC4D /* Build configuration list for PBXProject "Profile" */ = {
			isa = XCConfigurationList;
			buildConfigurations = (
				43C845431A9F00330017BC4D /* Debug */,
				43C845441A9F00330017BC4D /* Release */,
			);
			defaultConfigurationIsVisible = 0;
			defaultConfigurationName = Release;
		};
		43C845451A9F00330017BC4D /* Build configuration list for PBXNativeTarget "Profile" */ = {
			isa = XCConfigurationList;
			buildConfigurations = (
				43C845461A9F00330017BC4D /* Debug */,
				43C845471A9F00330017BC4D /* Release */,
			);
			defaultConfigurationIsVisible = 0;
		};
		43C845481A9F00330017BC4D /* Build configuration list for PBXNativeTarget "ProfileTests" */ = {
			isa = XCConfigurationList;
			buildConfigurations = (
				43C845491A9F00330017BC4D /* Debug */,
				43C8454A1A9F00330017BC4D /* Release */,
			);
			defaultConfigurationIsVisible = 0;
		};
/* End XCConfigurationList section */
	};
	rootObject = 43C8451E1A9F00330017BC4D /* Project object */;
}
